// !$*UTF8*$!
{
	archiveVersion = 1;
	classes = {
	};
	objectVersion = 50;
	objects = {

/* Begin PBXBuildFile section */
		2E2FDF3224E5CD9A00443389 /* AppDelegate.swift in Sources */ = {isa = PBXBuildFile; fileRef = 2E2FDF3124E5CD9A00443389 /* AppDelegate.swift */; };
		2E2FDF3424E5CD9A00443389 /* SceneDelegate.swift in Sources */ = {isa = PBXBuildFile; fileRef = 2E2FDF3324E5CD9A00443389 /* SceneDelegate.swift */; };
		2E2FDF3924E5CD9A00443389 /* Main.storyboard in Resources */ = {isa = PBXBuildFile; fileRef = 2E2FDF3724E5CD9A00443389 /* Main.storyboard */; };
		2E2FDF3B24E5CD9C00443389 /* Assets.xcassets in Resources */ = {isa = PBXBuildFile; fileRef = 2E2FDF3A24E5CD9C00443389 /* Assets.xcassets */; };
		2E2FDF3E24E5CD9C00443389 /* LaunchScreen.storyboard in Resources */ = {isa = PBXBuildFile; fileRef = 2E2FDF3C24E5CD9C00443389 /* LaunchScreen.storyboard */; };
		2E2FDF4724E5CEB900443389 /* WeatherListTableViewController.swift in Sources */ = {isa = PBXBuildFile; fileRef = 2E2FDF4624E5CEB900443389 /* WeatherListTableViewController.swift */; };
		2E2FDF4924E5CEDA00443389 /* AddWeatherCityViewController.swift in Sources */ = {isa = PBXBuildFile; fileRef = 2E2FDF4824E5CEDA00443389 /* AddWeatherCityViewController.swift */; };
		2E2FDF4B24E5D14000443389 /* WeatherCell.swift in Sources */ = {isa = PBXBuildFile; fileRef = 2E2FDF4A24E5D14000443389 /* WeatherCell.swift */; };
/* End PBXBuildFile section */

/* Begin PBXFileReference section */
		2E2FDF2E24E5CD9A00443389 /* MvvmGoodWeatherApp.app */ = {isa = PBXFileReference; explicitFileType = wrapper.application; includeInIndex = 0; path = MvvmGoodWeatherApp.app; sourceTree = BUILT_PRODUCTS_DIR; };
		2E2FDF3124E5CD9A00443389 /* AppDelegate.swift */ = {isa = PBXFileReference; lastKnownFileType = sourcecode.swift; path = AppDelegate.swift; sourceTree = "<group>"; };
		2E2FDF3324E5CD9A00443389 /* SceneDelegate.swift */ = {isa = PBXFileReference; lastKnownFileType = sourcecode.swift; path = SceneDelegate.swift; sourceTree = "<group>"; };
		2E2FDF3824E5CD9A00443389 /* Base */ = {isa = PBXFileReference; lastKnownFileType = file.storyboard; name = Base; path = Base.lproj/Main.storyboard; sourceTree = "<group>"; };
		2E2FDF3A24E5CD9C00443389 /* Assets.xcassets */ = {isa = PBXFileReference; lastKnownFileType = folder.assetcatalog; path = Assets.xcassets; sourceTree = "<group>"; };
		2E2FDF3D24E5CD9C00443389 /* Base */ = {isa = PBXFileReference; lastKnownFileType = file.storyboard; name = Base; path = Base.lproj/LaunchScreen.storyboard; sourceTree = "<group>"; };
		2E2FDF3F24E5CD9C00443389 /* Info.plist */ = {isa = PBXFileReference; lastKnownFileType = text.plist.xml; path = Info.plist; sourceTree = "<group>"; };
		2E2FDF4624E5CEB900443389 /* WeatherListTableViewController.swift */ = {isa = PBXFileReference; lastKnownFileType = sourcecode.swift; path = WeatherListTableViewController.swift; sourceTree = "<group>"; };
		2E2FDF4824E5CEDA00443389 /* AddWeatherCityViewController.swift */ = {isa = PBXFileReference; lastKnownFileType = sourcecode.swift; path = AddWeatherCityViewController.swift; sourceTree = "<group>"; };
		2E2FDF4A24E5D14000443389 /* WeatherCell.swift */ = {isa = PBXFileReference; lastKnownFileType = sourcecode.swift; path = WeatherCell.swift; sourceTree = "<group>"; };
/* End PBXFileReference section */

/* Begin PBXFrameworksBuildPhase section */
		2E2FDF2B24E5CD9A00443389 /* Frameworks */ = {
			isa = PBXFrameworksBuildPhase;
			buildActionMask = 2147483647;
			files = (
			);
			runOnlyForDeploymentPostprocessing = 0;
		};
/* End PBXFrameworksBuildPhase section */

/* Begin PBXGroup section */
		2E2FDF2524E5CD9A00443389 = {
			isa = PBXGroup;
			children = (
				2E2FDF3024E5CD9A00443389 /* MvvmGoodWeatherApp */,
				2E2FDF2F24E5CD9A00443389 /* Products */,
			);
			sourceTree = "<group>";
		};
		2E2FDF2F24E5CD9A00443389 /* Products */ = {
			isa = PBXGroup;
			children = (
				2E2FDF2E24E5CD9A00443389 /* MvvmGoodWeatherApp.app */,
			);
			name = Products;
			sourceTree = "<group>";
		};
		2E2FDF3024E5CD9A00443389 /* MvvmGoodWeatherApp */ = {
			isa = PBXGroup;
			children = (
				2E2FDF4C24E5D14300443389 /* Custom Cells */,
				2E2FDF4524E5CE8E00443389 /* Controller */,
				2E2FDF3124E5CD9A00443389 /* AppDelegate.swift */,
				2E2FDF3324E5CD9A00443389 /* SceneDelegate.swift */,
				2E2FDF3724E5CD9A00443389 /* Main.storyboard */,
				2E2FDF3A24E5CD9C00443389 /* Assets.xcassets */,
				2E2FDF3C24E5CD9C00443389 /* LaunchScreen.storyboard */,
				2E2FDF3F24E5CD9C00443389 /* Info.plist */,
			);
			path = MvvmGoodWeatherApp;
			sourceTree = "<group>";
		};
		2E2FDF4524E5CE8E00443389 /* Controller */ = {
			isa = PBXGroup;
			children = (
				2E2FDF4624E5CEB900443389 /* WeatherListTableViewController.swift */,
				2E2FDF4824E5CEDA00443389 /* AddWeatherCityViewController.swift */,
			);
			path = Controller;
			sourceTree = "<group>";
		};
		2E2FDF4C24E5D14300443389 /* Custom Cells */ = {
			isa = PBXGroup;
			children = (
				2E2FDF4A24E5D14000443389 /* WeatherCell.swift */,
			);
			path = "Custom Cells";
			sourceTree = "<group>";
		};
/* End PBXGroup section */

/* Begin PBXNativeTarget section */
		2E2FDF2D24E5CD9A00443389 /* MvvmGoodWeatherApp */ = {
			isa = PBXNativeTarget;
			buildConfigurationList = 2E2FDF4224E5CD9C00443389 /* Build configuration list for PBXNativeTarget "MvvmGoodWeatherApp" */;
			buildPhases = (
				2E2FDF2A24E5CD9A00443389 /* Sources */,
				2E2FDF2B24E5CD9A00443389 /* Frameworks */,
				2E2FDF2C24E5CD9A00443389 /* Resources */,
			);
			buildRules = (
			);
			dependencies = (
			);
			name = MvvmGoodWeatherApp;
			productName = MvvmGoodWeatherApp;
			productReference = 2E2FDF2E24E5CD9A00443389 /* MvvmGoodWeatherApp.app */;
			productType = "com.apple.product-type.application";
		};
/* End PBXNativeTarget section */

/* Begin PBXProject section */
		2E2FDF2624E5CD9A00443389 /* Project object */ = {
			isa = PBXProject;
			attributes = {
				LastSwiftUpdateCheck = 1160;
				LastUpgradeCheck = 1160;
				ORGANIZATIONNAME = "Burak Tunç";
				TargetAttributes = {
					2E2FDF2D24E5CD9A00443389 = {
						CreatedOnToolsVersion = 11.6;
					};
				};
			};
			buildConfigurationList = 2E2FDF2924E5CD9A00443389 /* Build configuration list for PBXProject "MvvmGoodWeatherApp" */;
			compatibilityVersion = "Xcode 9.3";
			developmentRegion = en;
			hasScannedForEncodings = 0;
			knownRegions = (
				en,
				Base,
			);
			mainGroup = 2E2FDF2524E5CD9A00443389;
			productRefGroup = 2E2FDF2F24E5CD9A00443389 /* Products */;
			projectDirPath = "";
			projectRoot = "";
			targets = (
				2E2FDF2D24E5CD9A00443389 /* MvvmGoodWeatherApp */,
			);
		};
/* End PBXProject section */

/* Begin PBXResourcesBuildPhase section */
		2E2FDF2C24E5CD9A00443389 /* Resources */ = {
			isa = PBXResourcesBuildPhase;
			buildActionMask = 2147483647;
			files = (
				2E2FDF3E24E5CD9C00443389 /* LaunchScreen.storyboard in Resources */,
				2E2FDF3B24E5CD9C00443389 /* Assets.xcassets in Resources */,
				2E2FDF3924E5CD9A00443389 /* Main.storyboard in Resources */,
			);
			runOnlyForDeploymentPostprocessing = 0;
		};
/* End PBXResourcesBuildPhase section */

/* Begin PBXSourcesBuildPhase section */
		2E2FDF2A24E5CD9A00443389 /* Sources */ = {
			isa = PBXSourcesBuildPhase;
			buildActionMask = 2147483647;
			files = (
				2E2FDF4724E5CEB900443389 /* WeatherListTableViewController.swift in Sources */,
				2E2FDF3224E5CD9A00443389 /* AppDelegate.swift in Sources */,
				2E2FDF4B24E5D14000443389 /* WeatherCell.swift in Sources */,
				2E2FDF4924E5CEDA00443389 /* AddWeatherCityViewController.swift in Sources */,
				2E2FDF3424E5CD9A00443389 /* SceneDelegate.swift in Sources */,
			);
			runOnlyForDeploymentPostprocessing = 0;
		};
/* End PBXSourcesBuildPhase section */

/* Begin PBXVariantGroup section */
		2E2FDF3724E5CD9A00443389 /* Main.storyboard */ = {
			isa = PBXVariantGroup;
			children = (
				2E2FDF3824E5CD9A00443389 /* Base */,
			);
			name = Main.storyboard;
			sourceTree = "<group>";
		};
		2E2FDF3C24E5CD9C00443389 /* LaunchScreen.storyboard */ = {
			isa = PBXVariantGroup;
			children = (
				2E2FDF3D24E5CD9C00443389 /* Base */,
			);
			name = LaunchScreen.storyboard;
			sourceTree = "<group>";
		};
/* End PBXVariantGroup section */

/* Begin XCBuildConfiguration section */
		2E2FDF4024E5CD9C00443389 /* Debug */ = {
			isa = XCBuildConfiguration;
			buildSettings = {
				ALWAYS_SEARCH_USER_PATHS = NO;
				CLANG_ANALYZER_NONNULL = YES;
				CLANG_ANALYZER_NUMBER_OBJECT_CONVERSION = YES_AGGRESSIVE;
				CLANG_CXX_LANGUAGE_STANDARD = "gnu++14";
				CLANG_CXX_LIBRARY = "libc++";
				CLANG_ENABLE_MODULES = YES;
				CLANG_ENABLE_OBJC_ARC = YES;
				CLANG_ENABLE_OBJC_WEAK = YES;
				CLANG_WARN_BLOCK_CAPTURE_AUTORELEASING = YES;
				CLANG_WARN_BOOL_CONVERSION = YES;
				CLANG_WARN_COMMA = YES;
				CLANG_WARN_CONSTANT_CONVERSION = YES;
				CLANG_WARN_DEPRECATED_OBJC_IMPLEMENTATIONS = YES;
				CLANG_WARN_DIRECT_OBJC_ISA_USAGE = YES_ERROR;
				CLANG_WARN_DOCUMENTATION_COMMENTS = YES;
				CLANG_WARN_EMPTY_BODY = YES;
				CLANG_WARN_ENUM_CONVERSION = YES;
				CLANG_WARN_INFINITE_RECURSION = YES;
				CLANG_WARN_INT_CONVERSION = YES;
				CLANG_WARN_NON_LITERAL_NULL_CONVERSION = YES;
				CLANG_WARN_OBJC_IMPLICIT_RETAIN_SELF = YES;
				CLANG_WARN_OBJC_LITERAL_CONVERSION = YES;
				CLANG_WARN_OBJC_ROOT_CLASS = YES_ERROR;
				CLANG_WARN_RANGE_LOOP_ANALYSIS = YES;
				CLANG_WARN_STRICT_PROTOTYPES = YES;
				CLANG_WARN_SUSPICIOUS_MOVE = YES;
				CLANG_WARN_UNGUARDED_AVAILABILITY = YES_AGGRESSIVE;
				CLANG_WARN_UNREACHABLE_CODE = YES;
				CLANG_WARN__DUPLICATE_METHOD_MATCH = YES;
				COPY_PHASE_STRIP = NO;
				DEBUG_INFORMATION_FORMAT = dwarf;
				ENABLE_STRICT_OBJC_MSGSEND = YES;
				ENABLE_TESTABILITY = YES;
				GCC_C_LANGUAGE_STANDARD = gnu11;
				GCC_DYNAMIC_NO_PIC = NO;
				GCC_NO_COMMON_BLOCKS = YES;
				GCC_OPTIMIZATION_LEVEL = 0;
				GCC_PREPROCESSOR_DEFINITIONS = (
					"DEBUG=1",
					"$(inherited)",
				);
				GCC_WARN_64_TO_32_BIT_CONVERSION = YES;
				GCC_WARN_ABOUT_RETURN_TYPE = YES_ERROR;
				GCC_WARN_UNDECLARED_SELECTOR = YES;
				GCC_WARN_UNINITIALIZED_AUTOS = YES_AGGRESSIVE;
				GCC_WARN_UNUSED_FUNCTION = YES;
				GCC_WARN_UNUSED_VARIABLE = YES;
				IPHONEOS_DEPLOYMENT_TARGET = 13.6;
				MTL_ENABLE_DEBUG_INFO = INCLUDE_SOURCE;
				MTL_FAST_MATH = YES;
				ONLY_ACTIVE_ARCH = YES;
				SDKROOT = iphoneos;
				SWIFT_ACTIVE_COMPILATION_CONDITIONS = DEBUG;
				SWIFT_OPTIMIZATION_LEVEL = "-Onone";
			};
			name = Debug;
		};
		2E2FDF4124E5CD9C00443389 /* Release */ = {
			isa = XCBuildConfiguration;
			buildSettings = {
				ALWAYS_SEARCH_USER_PATHS = NO;
				CLANG_ANALYZER_NONNULL = YES;
				CLANG_ANALYZER_NUMBER_OBJECT_CONVERSION = YES_AGGRESSIVE;
				CLANG_CXX_LANGUAGE_STANDARD = "gnu++14";
				CLANG_CXX_LIBRARY = "libc++";
				CLANG_ENABLE_MODULES = YES;
				CLANG_ENABLE_OBJC_ARC = YES;
				CLANG_ENABLE_OBJC_WEAK = YES;
				CLANG_WARN_BLOCK_CAPTURE_AUTORELEASING = YES;
				CLANG_WARN_BOOL_CONVERSION = YES;
				CLANG_WARN_COMMA = YES;
				CLANG_WARN_CONSTANT_CONVERSION = YES;
				CLANG_WARN_DEPRECATED_OBJC_IMPLEMENTATIONS = YES;
				CLANG_WARN_DIRECT_OBJC_ISA_USAGE = YES_ERROR;
				CLANG_WARN_DOCUMENTATION_COMMENTS = YES;
				CLANG_WARN_EMPTY_BODY = YES;
				CLANG_WARN_ENUM_CONVERSION = YES;
				CLANG_WARN_INFINITE_RECURSION = YES;
				CLANG_WARN_INT_CONVERSION = YES;
				CLANG_WARN_NON_LITERAL_NULL_CONVERSION = YES;
				CLANG_WARN_OBJC_IMPLICIT_RETAIN_SELF = YES;
				CLANG_WARN_OBJC_LITERAL_CONVERSION = YES;
				CLANG_WARN_OBJC_ROOT_CLASS = YES_ERROR;
				CLANG_WARN_RANGE_LOOP_ANALYSIS = YES;
				CLANG_WARN_STRICT_PROTOTYPES = YES;
				CLANG_WARN_SUSPICIOUS_MOVE = YES;
				CLANG_WARN_UNGUARDED_AVAILABILITY = YES_AGGRESSIVE;
				CLANG_WARN_UNREACHABLE_CODE = YES;
				CLANG_WARN__DUPLICATE_METHOD_MATCH = YES;
				COPY_PHASE_STRIP = NO;
				DEBUG_INFORMATION_FORMAT = "dwarf-with-dsym";
				ENABLE_NS_ASSERTIONS = NO;
				ENABLE_STRICT_OBJC_MSGSEND = YES;
				GCC_C_LANGUAGE_STANDARD = gnu11;
				GCC_NO_COMMON_BLOCKS = YES;
				GCC_WARN_64_TO_32_BIT_CONVERSION = YES;
				GCC_WARN_ABOUT_RETURN_TYPE = YES_ERROR;
				GCC_WARN_UNDECLARED_SELECTOR = YES;
				GCC_WARN_UNINITIALIZED_AUTOS = YES_AGGRESSIVE;
				GCC_WARN_UNUSED_FUNCTION = YES;
				GCC_WARN_UNUSED_VARIABLE = YES;
				IPHONEOS_DEPLOYMENT_TARGET = 13.6;
				MTL_ENABLE_DEBUG_INFO = NO;
				MTL_FAST_MATH = YES;
				SDKROOT = iphoneos;
				SWIFT_COMPILATION_MODE = wholemodule;
				SWIFT_OPTIMIZATION_LEVEL = "-O";
				VALIDATE_PRODUCT = YES;
			};
			name = Release;
		};
		2E2FDF4324E5CD9C00443389 /* Debug */ = {
			isa = XCBuildConfiguration;
			buildSettings = {
				ASSETCATALOG_COMPILER_APPICON_NAME = AppIcon;
				CODE_SIGN_STYLE = Automatic;
				DEVELOPMENT_TEAM = Z9N8ZU49CZ;
				INFOPLIST_FILE = MvvmGoodWeatherApp/Info.plist;
				LD_RUNPATH_SEARCH_PATHS = (
					"$(inherited)",
					"@executable_path/Frameworks",
				);
				PRODUCT_BUNDLE_IDENTIFIER = com.buraktuncdev.MvvmGoodWeatherApp;
				PRODUCT_NAME = "$(TARGET_NAME)";
				SWIFT_VERSION = 5.0;
				TARGETED_DEVICE_FAMILY = "1,2";
			};
			name = Debug;
		};
		2E2FDF4424E5CD9C00443389 /* Release */ = {
			isa = XCBuildConfiguration;
			buildSettings = {
				ASSETCATALOG_COMPILER_APPICON_NAME = AppIcon;
				CODE_SIGN_STYLE = Automatic;
				DEVELOPMENT_TEAM = Z9N8ZU49CZ;
				INFOPLIST_FILE = MvvmGoodWeatherApp/Info.plist;
				LD_RUNPATH_SEARCH_PATHS = (
					"$(inherited)",
					"@executable_path/Frameworks",
				);
				PRODUCT_BUNDLE_IDENTIFIER = com.buraktuncdev.MvvmGoodWeatherApp;
				PRODUCT_NAME = "$(TARGET_NAME)";
				SWIFT_VERSION = 5.0;
				TARGETED_DEVICE_FAMILY = "1,2";
			};
			name = Release;
		};
/* End XCBuildConfiguration section */

/* Begin XCConfigurationList section */
		2E2FDF2924E5CD9A00443389 /* Build configuration list for PBXProject "MvvmGoodWeatherApp" */ = {
			isa = XCConfigurationList;
			buildConfigurations = (
				2E2FDF4024E5CD9C00443389 /* Debug */,
				2E2FDF4124E5CD9C00443389 /* Release */,
			);
			defaultConfigurationIsVisible = 0;
			defaultConfigurationName = Release;
		};
		2E2FDF4224E5CD9C00443389 /* Build configuration list for PBXNativeTarget "MvvmGoodWeatherApp" */ = {
			isa = XCConfigurationList;
			buildConfigurations = (
				2E2FDF4324E5CD9C00443389 /* Debug */,
				2E2FDF4424E5CD9C00443389 /* Release */,
			);
			defaultConfigurationIsVisible = 0;
			defaultConfigurationName = Release;
		};
/* End XCConfigurationList section */
	};
	rootObject = 2E2FDF2624E5CD9A00443389 /* Project object */;
}
